// !$*UTF8*$!
{
	archiveVersion = 1;
	classes = {
	};
	objectVersion = 56;
	objects = {

/* Begin PBXBuildFile section */
		A79EDA4A2BA5885A0098A7D6 /* LoginViewModel.swift in Sources */ = {isa = PBXBuildFile; fileRef = A79EDA492BA5885A0098A7D6 /* LoginViewModel.swift */; };
		A79EDA4C2BA588680098A7D6 /* User.swift in Sources */ = {isa = PBXBuildFile; fileRef = A79EDA4B2BA588680098A7D6 /* User.swift */; };
		A79EDA4E2BA588720098A7D6 /* LoginView.swift in Sources */ = {isa = PBXBuildFile; fileRef = A79EDA4D2BA588720098A7D6 /* LoginView.swift */; };
		A79EDA502BA593E50098A7D6 /* LoginError.swift in Sources */ = {isa = PBXBuildFile; fileRef = A79EDA4F2BA593E50098A7D6 /* LoginError.swift */; };
		A79EDA532BA5A4F50098A7D6 /* AccountViewModel.swift in Sources */ = {isa = PBXBuildFile; fileRef = A79EDA522BA5A4F50098A7D6 /* AccountViewModel.swift */; };
		A7E972FA2BA54BC10069395F /* RBPoemApp.swift in Sources */ = {isa = PBXBuildFile; fileRef = A7E972F92BA54BC10069395F /* RBPoemApp.swift */; };
		A7E972FC2BA54BC10069395F /* ContentView.swift in Sources */ = {isa = PBXBuildFile; fileRef = A7E972FB2BA54BC10069395F /* ContentView.swift */; };
		A7E972FE2BA54BC20069395F /* Assets.xcassets in Resources */ = {isa = PBXBuildFile; fileRef = A7E972FD2BA54BC20069395F /* Assets.xcassets */; };
		A7E973012BA54BC20069395F /* Preview Assets.xcassets in Resources */ = {isa = PBXBuildFile; fileRef = A7E973002BA54BC20069395F /* Preview Assets.xcassets */; };
/* End PBXBuildFile section */

/* Begin PBXFileReference section */
		A79EDA492BA5885A0098A7D6 /* LoginViewModel.swift */ = {isa = PBXFileReference; lastKnownFileType = sourcecode.swift; path = LoginViewModel.swift; sourceTree = "<group>"; };
		A79EDA4B2BA588680098A7D6 /* User.swift */ = {isa = PBXFileReference; lastKnownFileType = sourcecode.swift; path = User.swift; sourceTree = "<group>"; };
		A79EDA4D2BA588720098A7D6 /* LoginView.swift */ = {isa = PBXFileReference; lastKnownFileType = sourcecode.swift; path = LoginView.swift; sourceTree = "<group>"; };
		A79EDA4F2BA593E50098A7D6 /* LoginError.swift */ = {isa = PBXFileReference; lastKnownFileType = sourcecode.swift; path = LoginError.swift; sourceTree = "<group>"; };
		A79EDA522BA5A4F50098A7D6 /* AccountViewModel.swift */ = {isa = PBXFileReference; lastKnownFileType = sourcecode.swift; path = AccountViewModel.swift; sourceTree = "<group>"; };
		A7E972F62BA54BC10069395F /* RBPoem.app */ = {isa = PBXFileReference; explicitFileType = wrapper.application; includeInIndex = 0; path = RBPoem.app; sourceTree = BUILT_PRODUCTS_DIR; };
		A7E972F92BA54BC10069395F /* RBPoemApp.swift */ = {isa = PBXFileReference; lastKnownFileType = sourcecode.swift; path = RBPoemApp.swift; sourceTree = "<group>"; };
		A7E972FB2BA54BC10069395F /* ContentView.swift */ = {isa = PBXFileReference; lastKnownFileType = sourcecode.swift; path = ContentView.swift; sourceTree = "<group>"; };
		A7E972FD2BA54BC20069395F /* Assets.xcassets */ = {isa = PBXFileReference; lastKnownFileType = folder.assetcatalog; path = Assets.xcassets; sourceTree = "<group>"; };
		A7E973002BA54BC20069395F /* Preview Assets.xcassets */ = {isa = PBXFileReference; lastKnownFileType = folder.assetcatalog; path = "Preview Assets.xcassets"; sourceTree = "<group>"; };
/* End PBXFileReference section */

/* Begin PBXFrameworksBuildPhase section */
		A7E972F32BA54BC10069395F /* Frameworks */ = {
			isa = PBXFrameworksBuildPhase;
			buildActionMask = 2147483647;
			files = (
			);
			runOnlyForDeploymentPostprocessing = 0;
		};
/* End PBXFrameworksBuildPhase section */

/* Begin PBXGroup section */
		A74842B92BA54CF40090D777 /* Views */ = {
			isa = PBXGroup;
			children = (
			);
			path = Views;
			sourceTree = "<group>";
		};
		A74842BA2BA54CFB0090D777 /* Models */ = {
			isa = PBXGroup;
			children = (
			);
			path = Models;
			sourceTree = "<group>";
		};
		A74842BB2BA54D020090D777 /* ViewModels */ = {
			isa = PBXGroup;
			children = (
			);
			path = ViewModels;
			sourceTree = "<group>";
		};
		A79EDA452BA5881B0098A7D6 /* Login */ = {
			isa = PBXGroup;
			children = (
				A79EDA482BA588380098A7D6 /* Models */,
				A79EDA472BA588380098A7D6 /* ViewModels */,
				A79EDA462BA588380098A7D6 /* Views */,
			);
			path = Login;
			sourceTree = "<group>";
		};
		A79EDA462BA588380098A7D6 /* Views */ = {
			isa = PBXGroup;
			children = (
				A79EDA4D2BA588720098A7D6 /* LoginView.swift */,
			);
			path = Views;
			sourceTree = "<group>";
		};
		A79EDA472BA588380098A7D6 /* ViewModels */ = {
			isa = PBXGroup;
			children = (
				A79EDA492BA5885A0098A7D6 /* LoginViewModel.swift */,
			);
			path = ViewModels;
			sourceTree = "<group>";
		};
		A79EDA482BA588380098A7D6 /* Models */ = {
			isa = PBXGroup;
			children = (
				A79EDA4B2BA588680098A7D6 /* User.swift */,
				A79EDA4F2BA593E50098A7D6 /* LoginError.swift */,
			);
			path = Models;
			sourceTree = "<group>";
		};
		A79EDA512BA5A4EB0098A7D6 /* Account */ = {
			isa = PBXGroup;
			children = (
				A79EDA522BA5A4F50098A7D6 /* AccountViewModel.swift */,
			);
			path = Account;
			sourceTree = "<group>";
		};
		A7E972ED2BA54BC10069395F = {
			isa = PBXGroup;
			children = (
				A7E972F82BA54BC10069395F /* RBPoem */,
				A7E972F72BA54BC10069395F /* Products */,
			);
			sourceTree = "<group>";
		};
		A7E972F72BA54BC10069395F /* Products */ = {
			isa = PBXGroup;
			children = (
				A7E972F62BA54BC10069395F /* RBPoem.app */,
			);
			name = Products;
			sourceTree = "<group>";
		};
		A7E972F82BA54BC10069395F /* RBPoem */ = {
			isa = PBXGroup;
			children = (
				A79EDA512BA5A4EB0098A7D6 /* Account */,
				A79EDA452BA5881B0098A7D6 /* Login */,
				A74842BB2BA54D020090D777 /* ViewModels */,
				A74842BA2BA54CFB0090D777 /* Models */,
				A74842B92BA54CF40090D777 /* Views */,
				A7E972F92BA54BC10069395F /* RBPoemApp.swift */,
				A7E972FB2BA54BC10069395F /* ContentView.swift */,
				A7E972FD2BA54BC20069395F /* Assets.xcassets */,
				A7E972FF2BA54BC20069395F /* Preview Content */,
			);
			path = RBPoem;
			sourceTree = "<group>";
		};
		A7E972FF2BA54BC20069395F /* Preview Content */ = {
			isa = PBXGroup;
			children = (
				A7E973002BA54BC20069395F /* Preview Assets.xcassets */,
			);
			path = "Preview Content";
			sourceTree = "<group>";
		};
/* End PBXGroup section */

/* Begin PBXNativeTarget section */
		A7E972F52BA54BC10069395F /* RBPoem */ = {
			isa = PBXNativeTarget;
			buildConfigurationList = A7E973042BA54BC20069395F /* Build configuration list for PBXNativeTarget "RBPoem" */;
			buildPhases = (
				A7E972F22BA54BC10069395F /* Sources */,
				A7E972F32BA54BC10069395F /* Frameworks */,
				A7E972F42BA54BC10069395F /* Resources */,
			);
			buildRules = (
			);
			dependencies = (
			);
			name = RBPoem;
			productName = RBPoem;
			productReference = A7E972F62BA54BC10069395F /* RBPoem.app */;
			productType = "com.apple.product-type.application";
		};
/* End PBXNativeTarget section */

/* Begin PBXProject section */
		A7E972EE2BA54BC10069395F /* Project object */ = {
			isa = PBXProject;
			attributes = {
				BuildIndependentTargetsInParallel = 1;
				LastSwiftUpdateCheck = 1520;
				LastUpgradeCheck = 1520;
				TargetAttributes = {
					A7E972F52BA54BC10069395F = {
						CreatedOnToolsVersion = 15.2;
					};
				};
			};
			buildConfigurationList = A7E972F12BA54BC10069395F /* Build configuration list for PBXProject "RBPoem" */;
			compatibilityVersion = "Xcode 14.0";
			developmentRegion = en;
			hasScannedForEncodings = 0;
			knownRegions = (
				en,
				Base,
			);
			mainGroup = A7E972ED2BA54BC10069395F;
			productRefGroup = A7E972F72BA54BC10069395F /* Products */;
			projectDirPath = "";
			projectRoot = "";
			targets = (
				A7E972F52BA54BC10069395F /* RBPoem */,
			);
		};
/* End PBXProject section */

/* Begin PBXResourcesBuildPhase section */
		A7E972F42BA54BC10069395F /* Resources */ = {
			isa = PBXResourcesBuildPhase;
			buildActionMask = 2147483647;
			files = (
				A7E973012BA54BC20069395F /* Preview Assets.xcassets in Resources */,
				A7E972FE2BA54BC20069395F /* Assets.xcassets in Resources */,
			);
			runOnlyForDeploymentPostprocessing = 0;
		};
/* End PBXResourcesBuildPhase section */

/* Begin PBXSourcesBuildPhase section */
		A7E972F22BA54BC10069395F /* Sources */ = {
			isa = PBXSourcesBuildPhase;
			buildActionMask = 2147483647;
			files = (
				A79EDA4C2BA588680098A7D6 /* User.swift in Sources */,
				A79EDA532BA5A4F50098A7D6 /* AccountViewModel.swift in Sources */,
				A7E972FC2BA54BC10069395F /* ContentView.swift in Sources */,
				A79EDA502BA593E50098A7D6 /* LoginError.swift in Sources */,
				A7E972FA2BA54BC10069395F /* RBPoemApp.swift in Sources */,
				A79EDA4E2BA588720098A7D6 /* LoginView.swift in Sources */,
				A79EDA4A2BA5885A0098A7D6 /* LoginViewModel.swift in Sources */,
			);
			runOnlyForDeploymentPostprocessing = 0;
		};
/* End PBXSourcesBuildPhase section */

/* Begin XCBuildConfiguration section */
		A7E973022BA54BC20069395F /* Debug */ = {
			isa = XCBuildConfiguration;
			buildSettings = {
				ALWAYS_SEARCH_USER_PATHS = NO;
				ASSETCATALOG_COMPILER_GENERATE_SWIFT_ASSET_SYMBOL_EXTENSIONS = YES;
				CLANG_ANALYZER_NONNULL = YES;
				CLANG_ANALYZER_NUMBER_OBJECT_CONVERSION = YES_AGGRESSIVE;
				CLANG_CXX_LANGUAGE_STANDARD = "gnu++20";
				CLANG_ENABLE_MODULES = YES;
				CLANG_ENABLE_OBJC_ARC = YES;
				CLANG_ENABLE_OBJC_WEAK = YES;
				CLANG_WARN_BLOCK_CAPTURE_AUTORELEASING = YES;
				CLANG_WARN_BOOL_CONVERSION = YES;
				CLANG_WARN_COMMA = YES;
				CLANG_WARN_CONSTANT_CONVERSION = YES;
				CLANG_WARN_DEPRECATED_OBJC_IMPLEMENTATIONS = YES;
				CLANG_WARN_DIRECT_OBJC_ISA_USAGE = YES_ERROR;
				CLANG_WARN_DOCUMENTATION_COMMENTS = YES;
				CLANG_WARN_EMPTY_BODY = YES;
				CLANG_WARN_ENUM_CONVERSION = YES;
				CLANG_WARN_INFINITE_RECURSION = YES;
				CLANG_WARN_INT_CONVERSION = YES;
				CLANG_WARN_NON_LITERAL_NULL_CONVERSION = YES;
				CLANG_WARN_OBJC_IMPLICIT_RETAIN_SELF = YES;
				CLANG_WARN_OBJC_LITERAL_CONVERSION = YES;
				CLANG_WARN_OBJC_ROOT_CLASS = YES_ERROR;
				CLANG_WARN_QUOTED_INCLUDE_IN_FRAMEWORK_HEADER = YES;
				CLANG_WARN_RANGE_LOOP_ANALYSIS = YES;
				CLANG_WARN_STRICT_PROTOTYPES = YES;
				CLANG_WARN_SUSPICIOUS_MOVE = YES;
				CLANG_WARN_UNGUARDED_AVAILABILITY = YES_AGGRESSIVE;
				CLANG_WARN_UNREACHABLE_CODE = YES;
				CLANG_WARN__DUPLICATE_METHOD_MATCH = YES;
				COPY_PHASE_STRIP = NO;
				DEBUG_INFORMATION_FORMAT = dwarf;
				ENABLE_STRICT_OBJC_MSGSEND = YES;
				ENABLE_TESTABILITY = YES;
				ENABLE_USER_SCRIPT_SANDBOXING = YES;
				GCC_C_LANGUAGE_STANDARD = gnu17;
				GCC_DYNAMIC_NO_PIC = NO;
				GCC_NO_COMMON_BLOCKS = YES;
				GCC_OPTIMIZATION_LEVEL = 0;
				GCC_PREPROCESSOR_DEFINITIONS = (
					"DEBUG=1",
					"$(inherited)",
				);
				GCC_WARN_64_TO_32_BIT_CONVERSION = YES;
				GCC_WARN_ABOUT_RETURN_TYPE = YES_ERROR;
				GCC_WARN_UNDECLARED_SELECTOR = YES;
				GCC_WARN_UNINITIALIZED_AUTOS = YES_AGGRESSIVE;
				GCC_WARN_UNUSED_FUNCTION = YES;
				GCC_WARN_UNUSED_VARIABLE = YES;
				IPHONEOS_DEPLOYMENT_TARGET = 17.2;
				LOCALIZATION_PREFERS_STRING_CATALOGS = YES;
				MTL_ENABLE_DEBUG_INFO = INCLUDE_SOURCE;
				MTL_FAST_MATH = YES;
				ONLY_ACTIVE_ARCH = YES;
				SDKROOT = iphoneos;
				SWIFT_ACTIVE_COMPILATION_CONDITIONS = "DEBUG $(inherited)";
				SWIFT_OPTIMIZATION_LEVEL = "-Onone";
			};
			name = Debug;
		};
		A7E973032BA54BC20069395F /* Release */ = {
			isa = XCBuildConfiguration;
			buildSettings = {
				ALWAYS_SEARCH_USER_PATHS = NO;
				ASSETCATALOG_COMPILER_GENERATE_SWIFT_ASSET_SYMBOL_EXTENSIONS = YES;
				CLANG_ANALYZER_NONNULL = YES;
				CLANG_ANALYZER_NUMBER_OBJECT_CONVERSION = YES_AGGRESSIVE;
				CLANG_CXX_LANGUAGE_STANDARD = "gnu++20";
				CLANG_ENABLE_MODULES = YES;
				CLANG_ENABLE_OBJC_ARC = YES;
				CLANG_ENABLE_OBJC_WEAK = YES;
				CLANG_WARN_BLOCK_CAPTURE_AUTORELEASING = YES;
				CLANG_WARN_BOOL_CONVERSION = YES;
				CLANG_WARN_COMMA = YES;
				CLANG_WARN_CONSTANT_CONVERSION = YES;
				CLANG_WARN_DEPRECATED_OBJC_IMPLEMENTATIONS = YES;
				CLANG_WARN_DIRECT_OBJC_ISA_USAGE = YES_ERROR;
				CLANG_WARN_DOCUMENTATION_COMMENTS = YES;
				CLANG_WARN_EMPTY_BODY = YES;
				CLANG_WARN_ENUM_CONVERSION = YES;
				CLANG_WARN_INFINITE_RECURSION = YES;
				CLANG_WARN_INT_CONVERSION = YES;
				CLANG_WARN_NON_LITERAL_NULL_CONVERSION = YES;
				CLANG_WARN_OBJC_IMPLICIT_RETAIN_SELF = YES;
				CLANG_WARN_OBJC_LITERAL_CONVERSION = YES;
				CLANG_WARN_OBJC_ROOT_CLASS = YES_ERROR;
				CLANG_WARN_QUOTED_INCLUDE_IN_FRAMEWORK_HEADER = YES;
				CLANG_WARN_RANGE_LOOP_ANALYSIS = YES;
				CLANG_WARN_STRICT_PROTOTYPES = YES;
				CLANG_WARN_SUSPICIOUS_MOVE = YES;
				CLANG_WARN_UNGUARDED_AVAILABILITY = YES_AGGRESSIVE;
				CLANG_WARN_UNREACHABLE_CODE = YES;
				CLANG_WARN__DUPLICATE_METHOD_MATCH = YES;
				COPY_PHASE_STRIP = NO;
				DEBUG_INFORMATION_FORMAT = "dwarf-with-dsym";
				ENABLE_NS_ASSERTIONS = NO;
				ENABLE_STRICT_OBJC_MSGSEND = YES;
				ENABLE_USER_SCRIPT_SANDBOXING = YES;
				GCC_C_LANGUAGE_STANDARD = gnu17;
				GCC_NO_COMMON_BLOCKS = YES;
				GCC_WARN_64_TO_32_BIT_CONVERSION = YES;
				GCC_WARN_ABOUT_RETURN_TYPE = YES_ERROR;
				GCC_WARN_UNDECLARED_SELECTOR = YES;
				GCC_WARN_UNINITIALIZED_AUTOS = YES_AGGRESSIVE;
				GCC_WARN_UNUSED_FUNCTION = YES;
				GCC_WARN_UNUSED_VARIABLE = YES;
				IPHONEOS_DEPLOYMENT_TARGET = 17.2;
				LOCALIZATION_PREFERS_STRING_CATALOGS = YES;
				MTL_ENABLE_DEBUG_INFO = NO;
				MTL_FAST_MATH = YES;
				SDKROOT = iphoneos;
				SWIFT_COMPILATION_MODE = wholemodule;
				VALIDATE_PRODUCT = YES;
			};
			name = Release;
		};
		A7E973052BA54BC20069395F /* Debug */ = {
			isa = XCBuildConfiguration;
			buildSettings = {
				ASSETCATALOG_COMPILER_APPICON_NAME = AppIcon;
				ASSETCATALOG_COMPILER_GLOBAL_ACCENT_COLOR_NAME = AccentColor;
				CODE_SIGN_STYLE = Automatic;
				CURRENT_PROJECT_VERSION = 1;
				DEVELOPMENT_ASSET_PATHS = "\"RBPoem/Preview Content\"";
				ENABLE_PREVIEWS = YES;
				GENERATE_INFOPLIST_FILE = YES;
				INFOPLIST_KEY_UIApplicationSceneManifest_Generation = YES;
				INFOPLIST_KEY_UIApplicationSupportsIndirectInputEvents = YES;
				INFOPLIST_KEY_UILaunchScreen_Generation = YES;
				INFOPLIST_KEY_UISupportedInterfaceOrientations_iPad = "UIInterfaceOrientationPortrait UIInterfaceOrientationPortraitUpsideDown UIInterfaceOrientationLandscapeLeft UIInterfaceOrientationLandscapeRight";
				INFOPLIST_KEY_UISupportedInterfaceOrientations_iPhone = "UIInterfaceOrientationPortrait UIInterfaceOrientationLandscapeLeft UIInterfaceOrientationLandscapeRight";
				LD_RUNPATH_SEARCH_PATHS = (
					"$(inherited)",
					"@executable_path/Frameworks",
				);
				MARKETING_VERSION = 1.0;
				PRODUCT_BUNDLE_IDENTIFIER = com.rainbow..RBPoem;
				PRODUCT_NAME = "$(TARGET_NAME)";
				SWIFT_EMIT_LOC_STRINGS = YES;
				SWIFT_VERSION = 5.0;
				TARGETED_DEVICE_FAMILY = "1,2";
			};
			name = Debug;
		};
		A7E973062BA54BC20069395F /* Release */ = {
			isa = XCBuildConfiguration;
			buildSettings = {
				ASSETCATALOG_COMPILER_APPICON_NAME = AppIcon;
				ASSETCATALOG_COMPILER_GLOBAL_ACCENT_COLOR_NAME = AccentColor;
				CODE_SIGN_STYLE = Automatic;
				CURRENT_PROJECT_VERSION = 1;
				DEVELOPMENT_ASSET_PATHS = "\"RBPoem/Preview Content\"";
				ENABLE_PREVIEWS = YES;
				GENERATE_INFOPLIST_FILE = YES;
				INFOPLIST_KEY_UIApplicationSceneManifest_Generation = YES;
				INFOPLIST_KEY_UIApplicationSupportsIndirectInputEvents = YES;
				INFOPLIST_KEY_UILaunchScreen_Generation = YES;
				INFOPLIST_KEY_UISupportedInterfaceOrientations_iPad = "UIInterfaceOrientationPortrait UIInterfaceOrientationPortraitUpsideDown UIInterfaceOrientationLandscapeLeft UIInterfaceOrientationLandscapeRight";
				INFOPLIST_KEY_UISupportedInterfaceOrientations_iPhone = "UIInterfaceOrientationPortrait UIInterfaceOrientationLandscapeLeft UIInterfaceOrientationLandscapeRight";
				LD_RUNPATH_SEARCH_PATHS = (
					"$(inherited)",
					"@executable_path/Frameworks",
				);
				MARKETING_VERSION = 1.0;
				PRODUCT_BUNDLE_IDENTIFIER = com.rainbow..RBPoem;
				PRODUCT_NAME = "$(TARGET_NAME)";
				SWIFT_EMIT_LOC_STRINGS = YES;
				SWIFT_VERSION = 5.0;
				TARGETED_DEVICE_FAMILY = "1,2";
			};
			name = Release;
		};
/* End XCBuildConfiguration section */

/* Begin XCConfigurationList section */
		A7E972F12BA54BC10069395F /* Build configuration list for PBXProject "RBPoem" */ = {
			isa = XCConfigurationList;
			buildConfigurations = (
				A7E973022BA54BC20069395F /* Debug */,
				A7E973032BA54BC20069395F /* Release */,
			);
			defaultConfigurationIsVisible = 0;
			defaultConfigurationName = Release;
		};
		A7E973042BA54BC20069395F /* Build configuration list for PBXNativeTarget "RBPoem" */ = {
			isa = XCConfigurationList;
			buildConfigurations = (
				A7E973052BA54BC20069395F /* Debug */,
				A7E973062BA54BC20069395F /* Release */,
			);
			defaultConfigurationIsVisible = 0;
			defaultConfigurationName = Release;
		};
/* End XCConfigurationList section */
	};
	rootObject = A7E972EE2BA54BC10069395F /* Project object */;
}
